
Microsoft Visual Studio Solution File, Format Version 12.00
# Visual Studio Version 16
VisualStudioVersion = 16.0.29806.167
MinimumVisualStudioVersion = 10.0.40219.1
Project("{9A19103F-16F7-4668-BE54-9A1E7A4F7556}") = "DataStructures", "..\..\StartingWithCSharp\DataStructures\DataStructures.csproj", "{2217B34B-2AA7-4818-B021-47D5AD806867}"
EndProject
Project("{9A19103F-16F7-4668-BE54-9A1E7A4F7556}") = "DataStructures.UnitTests", "..\..\StartingWithCSharp\UnitTests\DataStructures.UnitTests.csproj", "{BDF81584-4AEB-4BDD-A1B9-BCF059457E1A}"
EndProject
Global
	GlobalSection(SolutionConfigurationPlatforms) = preSolution
		Debug|Any CPU = Debug|Any CPU
		Release|Any CPU = Release|Any CPU
	EndGlobalSection
	GlobalSection(ProjectConfigurationPlatforms) = postSolution
		{2217B34B-2AA7-4818-B021-47D5AD806867}.Debug|Any CPU.ActiveCfg = Debug|Any CPU
		{2217B34B-2AA7-4818-B021-47D5AD806867}.Debug|Any CPU.Build.0 = Debug|Any CPU
		{2217B34B-2AA7-4818-B021-47D5AD806867}.Release|Any CPU.ActiveCfg = Release|Any CPU
		{2217B34B-2AA7-4818-B021-47D5AD806867}.Release|Any CPU.Build.0 = Release|Any CPU
		{BDF81584-4AEB-4BDD-A1B9-BCF059457E1A}.Debug|Any CPU.ActiveCfg = Debug|Any CPU
		{BDF81584-4AEB-4BDD-A1B9-BCF059457E1A}.Debug|Any CPU.Build.0 = Debug|Any CPU
		{BDF81584-4AEB-4BDD-A1B9-BCF059457E1A}.Release|Any CPU.ActiveCfg = Release|Any CPU
		{BDF81584-4AEB-4BDD-A1B9-BCF059457E1A}.Release|Any CPU.Build.0 = Release|Any CPU
	EndGlobalSection
	GlobalSection(SolutionProperties) = preSolution
		HideSolutionNode = FALSE
	EndGlobalSection
	GlobalSection(ExtensibilityGlobals) = postSolution
		SolutionGuid = {D571CAD0-3EF6-4319-B478-F746AB786B43}
	EndGlobalSection
EndGlobal
